# This file is automatically @generated by Cargo.
# It is not intended for manual editing.
version = 4

[[package]]
name = "allocator-api2"
version = "0.2.21"
source = "registry+https://github.com/rust-lang/crates.io-index"
checksum = "683d7910e743518b0e34f1186f92494becacb047c7b6bf616c96772180fef923"

[[package]]
name = "anyhow"
version = "1.0.102"
source = "registry+https://github.com/rust-lang/crates.io-index"
checksum = "7f202df86484c868dbad7eaa557ef785d5c66295e41b460ef922eca0723b842c"

[[package]]
name = "arbitrary"
version = "1.4.2"
source = "registry+https://github.com/rust-lang/crates.io-index"
checksum = "c3d036a3c4ab069c7b410a2ce876bd74808d2d0888a82667669f8e783a898bf1"

[[package]]
name = "bumpalo"
version = "3.20.2"
source = "registry+https://github.com/rust-lang/crates.io-index"
checksum = "5d20789868f4b01b2f2caec9f5c4e0213b41e3e5702a50157d699ae31ced2fcb"
dependencies = [
 "allocator-api2",
]

[[package]]
name = "cfg-if"
version = "1.0.4"
source = "registry+https://github.com/rust-lang/crates.io-index"
checksum = "9330f8b2ff13f34540b44e946ef35111825727b38d33286ef986142615121801"

[[package]]
name = "cranelift"
version = "0.131.1"
source = "registry+https://github.com/rust-lang/crates.io-index"
checksum = "cfe07d3554a07c7e60c112ddf4aa5eeab69a4eb632881a59c2add0fdc4596cc7"
dependencies = [
 "cranelift-codegen",
 "cranelift-frontend",
 "cranelift-module",
]

[[package]]
name = "cranelift-assembler-x64"
version = "0.131.1"
source = "registry+https://github.com/rust-lang/crates.io-index"
checksum = "f8628cc4ba7f88a9205a7ee42327697abc61195a1e3d92cfae172d6a946e722e"
dependencies = [
 "cranelift-assembler-x64-meta",
]

[[package]]
name = "cranelift-assembler-x64-meta"
version = "0.131.1"
source = "registry+https://github.com/rust-lang/crates.io-index"
checksum = "d582754487e6c9a065a91c42ccf1bdd8d5977af33468dac5ae9bec0ce88acb3e"
dependencies = [
 "cranelift-srcgen",
]

[[package]]
name = "cranelift-bforest"
version = "0.131.1"
source = "registry+https://github.com/rust-lang/crates.io-index"
checksum = "fb59c81ace12ee7c33074db7903d4d75d1f40b28cd3e8e6f491de57b29129eb9"
dependencies = [
 "cranelift-entity",
 "wasmtime-internal-core",
]

[[package]]
name = "cranelift-bitset"
version = "0.131.1"
source = "registry+https://github.com/rust-lang/crates.io-index"
checksum = "f25c06993a681be9cf3140798a3d4ac5bec955e7444416a2fdc87fda8567285d"
dependencies = [
 "wasmtime-internal-core",
]

[[package]]
name = "cranelift-codegen"
version = "0.131.1"
source = "registry+https://github.com/rust-lang/crates.io-index"
checksum = "27b61f95c5a211918f5d336254a61a488b36a5818de47a868e8c4658dce9cccc"
dependencies = [
 "bumpalo",
 "cranelift-assembler-x64",
 "cranelift-bforest",
 "cranelift-bitset",
 "cranelift-codegen-meta",
 "cranelift-codegen-shared",
 "cranelift-control",
 "cranelift-entity",
 "cranelift-isle",
 "gimli",
 "hashbrown 0.16.1",
 "libm",
 "log",
 "regalloc2",
 "rustc-hash",
 "serde",
 "smallvec",
 "target-lexicon",
 "wasmtime-internal-core",
]

[[package]]
name = "cranelift-codegen-meta"
version = "0.131.1"
source = "registry+https://github.com/rust-lang/crates.io-index"
checksum = "0b85aa822fce72080d041d7c2cf7c3f5c6ecdea7afae68379ba4ef85269c4fa5"
dependencies = [
 "cranelift-assembler-x64-meta",
 "cranelift-codegen-shared",
 "cranelift-srcgen",
 "heck",
]

[[package]]
name = "cranelift-codegen-shared"
version = "0.131.1"
source = "registry+https://github.com/rust-lang/crates.io-index"
checksum = "833eb9fc89326cd072cc19e96892f09b5692c0dfe17cd4da2858ba30c2cd85c0"

[[package]]
name = "cranelift-control"
version = "0.131.1"
source = "registry+https://github.com/rust-lang/crates.io-index"
checksum = "9d005320f487e6e8a3edcc7f2fd4f43fcc9946d1013bf206ea649789ac1617fc"
dependencies = [
 "arbitrary",
]

[[package]]
name = "cranelift-entity"
version = "0.131.1"
source = "registry+https://github.com/rust-lang/crates.io-index"
checksum = "5e62ef34c6e720f347a79ece043e8584e242d168911da640bac654a33a6aaaf5"
dependencies = [
 "cranelift-bitset",
 "wasmtime-internal-core",
]

[[package]]
name = "cranelift-frontend"
version = "0.131.1"
source = "registry+https://github.com/rust-lang/crates.io-index"
checksum = "dfa2ad00399dd47e7e7e33cb1dc23b0e39ed9dcd01e8f026fc37af91655031b8"
dependencies = [
 "cranelift-codegen",
 "log",
 "smallvec",
 "target-lexicon",
]

[[package]]
name = "cranelift-isle"
version = "0.131.1"
source = "registry+https://github.com/rust-lang/crates.io-index"
checksum = "02c51975ed217b4e8e5a7fd11e9ec83a96104bdff311dddcb505d1d8a9fd7fc6"

[[package]]
name = "cranelift-module"
version = "0.131.1"
source = "registry+https://github.com/rust-lang/crates.io-index"
checksum = "052a396328dbc7dadc29d1bd27d4aa57d9e9e493ead8ef6e2ab3b75c1bf9644c"
dependencies = [
 "anyhow",
 "cranelift-codegen",
 "cranelift-control",
]

[[package]]
name = "cranelift-object"
version = "0.131.1"
source = "registry+https://github.com/rust-lang/crates.io-index"
checksum = "5f6cfa3a6ed5cc9a616cd5ef5dd4d26f683175737b1541679214da7ca12c2b43"
dependencies = [
 "anyhow",
 "cranelift-codegen",
 "cranelift-control",
 "cranelift-module",
 "log",
 "object",
 "target-lexicon",
]

[[package]]
name = "cranelift-reader"
version = "0.131.1"
source = "registry+https://github.com/rust-lang/crates.io-index"
checksum = "2d7e3b3e51efe465e7e2f5810eaa1e499d219fe92eeaca0d32fa01564e00b886"
dependencies = [
 "anyhow",
 "cranelift-codegen",
 "smallvec",
 "target-lexicon",
]

[[package]]
name = "cranelift-srcgen"
version = "0.131.1"
source = "registry+https://github.com/rust-lang/crates.io-index"
checksum = "d5a8f82fd5124f009f72167e60139245cd3b56cfd4b53050f22110c48c5f4da1"

[[package]]
name = "crc32fast"
version = "1.5.0"
source = "registry+https://github.com/rust-lang/crates.io-index"
checksum = "9481c1c90cbf2ac953f07c8d4a58aa3945c425b7185c9154d67a65e4230da511"
dependencies = [
 "cfg-if",
]

[[package]]
name = "equivalent"
version = "1.0.2"
source = "registry+https://github.com/rust-lang/crates.io-index"
checksum = "877a4ace8713b0bcf2a4e7eec82529c029f1d0619886d18145fea96c3ffe5c0f"

[[package]]
name = "fnv"
version = "1.0.7"
source = "registry+https://github.com/rust-lang/crates.io-index"
checksum = "3f9eec918d3f24069decb9af1554cad7c880e2da24a9afd88aca000531ab82c1"

[[package]]
name = "foldhash"
version = "0.2.0"
source = "registry+https://github.com/rust-lang/crates.io-index"
checksum = "77ce24cb58228fbb8aa041425bb1050850ac19177686ea6e0f41a70416f56fdb"

[[package]]
name = "gimli"
version = "0.33.1"
source = "registry+https://github.com/rust-lang/crates.io-index"
checksum = "19e16c5073773ccf057c282be832a59ee53ef5ff98db3aeff7f8314f52ffc196"
dependencies = [
 "fnv",
 "hashbrown 0.16.1",
 "indexmap",
 "stable_deref_trait",
]

[[package]]
name = "hashbrown"
version = "0.16.1"
source = "registry+https://github.com/rust-lang/crates.io-index"
checksum = "841d1cc9bed7f9236f321df977030373f4a4163ae1a7dbfe1a51a2c1a51d9100"
dependencies = [
 "foldhash",
]

[[package]]
name = "hashbrown"
version = "0.17.1"
source = "registry+https://github.com/rust-lang/crates.io-index"
checksum = "ed5909b6e89a2db4456e54cd5f673791d7eca6732202bbf2a9cc504fe2f9b84a"
dependencies = [
 "foldhash",
]

[[package]]
name = "heck"
version = "0.5.0"
source = "registry+https://github.com/rust-lang/crates.io-index"
checksum = "2304e00983f87ffb38b55b444b5e3b60a884b5d30c0fca7d82fe33449bbe55ea"

[[package]]
name = "indexmap"
version = "2.14.0"
source = "registry+https://github.com/rust-lang/crates.io-index"
checksum = "d466e9454f08e4a911e14806c24e16fba1b4c121d1ea474396f396069cf949d9"
dependencies = [
 "equivalent",
 "hashbrown 0.17.1",
]

[[package]]
name = "libm"
version = "0.2.16"
source = "registry+https://github.com/rust-lang/crates.io-index"
checksum = "b6d2cec3eae94f9f509c767b45932f1ada8350c4bdb85af2fcab4a3c14807981"

[[package]]
name = "log"
version = "0.4.29"
source = "registry+https://github.com/rust-lang/crates.io-index"
checksum = "5e5032e24019045c762d3c0f28f5b6b8bbf38563a65908389bf7978758920897"

[[package]]
name = "memchr"
version = "2.8.0"
source = "registry+https://github.com/rust-lang/crates.io-index"
checksum = "f8ca58f447f06ed17d5fc4043ce1b10dd205e060fb3ce5b979b8ed8e59ff3f79"

[[package]]
name = "object"
version = "0.39.1"
source = "registry+https://github.com/rust-lang/crates.io-index"
checksum = "2e5a6c098c7a3b6547378093f5cc30bc54fd361ce711e05293a5cc589562739b"
dependencies = [
 "crc32fast",
 "hashbrown 0.17.1",
 "indexmap",
 "memchr",
]

[[package]]
name = "omega-analyzer"
version = "0.1.0"
dependencies = [
 "omega-hir",
 "omega-parser",
]

[[package]]
name = "omega-codegen"
version = "0.1.0"
dependencies = [
 "cranelift",
 "cranelift-module",
 "cranelift-object",
 "cranelift-reader",
 "omega-analyzer",
 "omega-hir",
 "omega-parser",
]

[[package]]
name = "omega-driver"
version = "0.1.0"
dependencies = [
 "omega-analyzer",
 "omega-hir",
 "omega-parser",
]

[[package]]
name = "omega-hir"
version = "0.1.0"
dependencies = [
 "omega-parser",
]

[[package]]
name = "omega-parser"
version = "0.1.0"

[[package]]
name = "omgc"
version = "0.1.0"
dependencies = [
 "omega-analyzer",
 "omega-codegen",
 "omega-driver",
 "omega-hir",
 "omega-parser",
]

[[package]]
name = "proc-macro2"
version = "1.0.106"
source = "registry+https://github.com/rust-lang/crates.io-index"
checksum = "8fd00f0bb2e90d81d1044c2b32617f68fcb9fa3bb7640c23e9c748e53fb30934"
dependencies = [
 "unicode-ident",
]

[[package]]
name = "quote"
version = "1.0.45"
source = "registry+https://github.com/rust-lang/crates.io-index"
checksum = "41f2619966050689382d2b44f664f4bc593e129785a36d6ee376ddf37259b924"
dependencies = [
 "proc-macro2",
]

[[package]]
name = "regalloc2"
version = "0.15.1"
source = "registry+https://github.com/rust-lang/crates.io-index"
checksum = "de2c52737737f8609e94f975dee22854a2d5c125772d4b1cf292120f4d45c186"
dependencies = [
 "allocator-api2",
 "bumpalo",
 "hashbrown 0.17.1",
 "log",
 "rustc-hash",
 "smallvec",
]

[[package]]
name = "rustc-hash"
version = "2.1.2"
source = "registry+https://github.com/rust-lang/crates.io-index"
checksum = "94300abf3f1ae2e2b8ffb7b58043de3d399c73fa6f4b73826402a5c457614dbe"

[[package]]
name = "serde"
version = "1.0.228"
source = "registry+https://github.com/rust-lang/crates.io-index"
checksum = "9a8e94ea7f378bd32cbbd37198a4a91436180c5bb472411e48b5ec2e2124ae9e"
dependencies = [
 "serde_core",
]

[[package]]
name = "serde_core"
version = "1.0.228"
source = "registry+https://github.com/rust-lang/crates.io-index"
checksum = "41d385c7d4ca58e59fc732af25c3983b67ac852c1a25000afe1175de458b67ad"
dependencies = [
 "serde_derive",
]

[[package]]
name = "serde_derive"
version = "1.0.228"
source = "registry+https://github.com/rust-lang/crates.io-index"
checksum = "d540f220d3187173da220f885ab66608367b6574e925011a9353e4badda91d79"
dependencies = [
 "proc-macro2",
 "quote",
 "syn",
]

[[package]]
name = "smallvec"
version = "1.15.1"
source = "registry+https://github.com/rust-lang/crates.io-index"
checksum = "67b1b7a3b5fe4f1376887184045fcf45c69e92af734b7aaddc05fb777b6fbd03"

[[package]]
name = "stable_deref_trait"
version = "1.2.1"
source = "registry+https://github.com/rust-lang/crates.io-index"
checksum = "6ce2be8dc25455e1f91df71bfa12ad37d7af1092ae736f3a6cd0e37bc7810596"

[[package]]
name = "syn"
version = "2.0.117"
source = "registry+https://github.com/rust-lang/crates.io-index"
checksum = "e665b8803e7b1d2a727f4023456bbbbe74da67099c585258af0ad9c5013b9b99"
dependencies = [
 "proc-macro2",
 "quote",
 "unicode-ident",
]

[[package]]
name = "target-lexicon"
version = "0.13.5"
source = "registry+https://github.com/rust-lang/crates.io-index"
checksum = "adb6935a6f5c20170eeceb1a3835a49e12e19d792f6dd344ccc76a985ca5a6ca"

[[package]]
name = "unicode-ident"
version = "1.0.24"
source = "registry+https://github.com/rust-lang/crates.io-index"
checksum = "e6e4313cd5fcd3dad5cafa179702e2b244f760991f45397d14d4ebf38247da75"

[[package]]
name = "wasmtime-internal-core"
version = "44.0.1"
source = "registry+https://github.com/rust-lang/crates.io-index"
checksum = "8f2c7fa6523647262bfb4095dbdf4087accefe525813e783f81a0c682f418ce4"
dependencies = [
 "hashbrown 0.16.1",
 "libm",
]
